
Microsoft Visual Studio Solution File, Format Version 12.00
# Visual Studio 15
VisualStudioVersion = 15.0.28307.572
MinimumVisualStudioVersion = 10.0.40219.1
Project("{FAE04EC0-301F-11D3-BF4B-00C04F79EFBC}") = "Vb6Utf8", "Vb6Utf8.csproj", "{51282766-1BF0-4713-907B-EDC75A965705}"
EndProject
Global
	GlobalSection(SolutionConfigurationPlatforms) = preSolution
		Debug|Any CPU = Debug|Any CPU
		Release|Any CPU = Release|Any CPU
	EndGlobalSection
	GlobalSection(ProjectConfigurationPlatforms) = postSolution
		{51282766-1BF0-4713-907B-EDC75A965705}.Debug|Any CPU.ActiveCfg = Debug|Any CPU
		{51282766-1BF0-4713-907B-EDC75A965705}.Debug|Any CPU.Build.0 = Debug|Any CPU
		{51282766-1BF0-4713-907B-EDC75A965705}.Release|Any CPU.ActiveCfg = Release|Any CPU
		{51282766-1BF0-4713-907B-EDC75A965705}.Release|Any CPU.Build.0 = Release|Any CPU
	EndGlobalSection
	GlobalSection(SolutionProperties) = preSolution
		HideSolutionNode = FALSE
	EndGlobalSection
	GlobalSection(ExtensibilityGlobals) = postSolution
		SolutionGuid = {03C3600D-1977-4896-B116-ADF78FE963E8}
	EndGlobalSection
EndGlobal
